dependencies:
  idf:
    source:
      type: idf
    version: 5.5.0
  joltwallet/littlefs:
    component_hash: 8e12955f47e27e6070b76715a96d6c75fc2b44f069e8c33679332d9bdd3120c4
    dependencies:
    - name: idf
      require: private
      version: '>=5.0'
    source:
      registry_url: https://components.espressif.com/
      type: service
    version: 1.20.1
direct_dependencies:
- joltwallet/littlefs
manifest_hash: a2ed5863618b9f4e7704ff36550f84ff3254e80715c2b40f8699dd78742b0c66
target: esp32c3
version: 2.0.0
