{
  "lockfile_version": "1",
  "packages": {
    "github:NixOS/nixpkgs/nixpkgs-unstable": {
      "last_modified": "2025-09-19T06:08:23Z",
      "resolved": "github:NixOS/nixpkgs/12bd230118a1901a4a5d393f9f56b6ad7e571d01?lastModified=1758262103&narHash=sha256-aBGl3XEOsjWw6W3AHiKibN7FeoG73dutQQEqnd%2FetR8%3D"
    },
    "gnumake@latest": {
      "last_modified": "2025-08-09T03:53:37Z",
      "resolved": "github:NixOS/nixpkgs/00b574b1ba8a352f0601c4dde4faff4b534ebb1e#gnumake",
      "source": "devbox-search",
      "version": "4.4.1",
      "systems": {
        "aarch64-darwin": {
          "outputs": [
            {
              "name": "out",
              "path": "/nix/store/8l8qhxbk9isvxvg22prkvqay1g7x8xh8-gnumake-4.4.1",
              "default": true
            },
            {
              "name": "man",
              "path": "/nix/store/d4dxxrdcri80kbzbkgnzw1bgjjq9ln4g-gnumake-4.4.1-man",
              "default": true
            },
            {
              "name": "info",
              "path": "/nix/store/3jy0yby6jq6n5777rqya8913gr6wzdv5-gnumake-4.4.1-info"
            }
          ],
          "store_path": "/nix/store/8l8qhxbk9isvxvg22prkvqay1g7x8xh8-gnumake-4.4.1"
        },
        "aarch64-linux": {
          "outputs": [
            {
              "name": "out",
              "path": "/nix/store/9ccm93c2lj2kb6m175grf8775w3yzvng-gnumake-4.4.1",
              "default": true
            },
            {
              "name": "man",
              "path": "/nix/store/mnzb2cgp3hpvw3i5dn4bccs6ln4cnkpc-gnumake-4.4.1-man",
              "default": true
            },
            {
              "name": "debug",
              "path": "/nix/store/q92zl65186ayqg0f6vvhzldyi5bhpc70-gnumake-4.4.1-debug"
            },
            {
              "name": "info",
              "path": "/nix/store/ygnz9sgg6xbvvn6q4242jq9a4w0hfr57-gnumake-4.4.1-info"
            }
          ],
          "store_path": "/nix/store/9ccm93c2lj2kb6m175grf8775w3yzvng-gnumake-4.4.1"
        },
        "x86_64-darwin": {
          "outputs": [
            {
              "name": "out",
              "path": "/nix/store/wwzvqkjzdqwrrwr600lygfq87j1cbvr5-gnumake-4.4.1",
              "default": true
            },
            {
              "name": "man",
              "path": "/nix/store/xy024cz8x9hxbr3m1im6yk3bh8sd7q0w-gnumake-4.4.1-man",
              "default": true
            },
            {
              "name": "info",
              "path": "/nix/store/38s0gpkmw3ripdv7iigqwwvdwgk88sb5-gnumake-4.4.1-info"
            }
          ],
          "store_path": "/nix/store/wwzvqkjzdqwrrwr600lygfq87j1cbvr5-gnumake-4.4.1"
        },
        "x86_64-linux": {
          "outputs": [
            {
              "name": "out",
              "path": "/nix/store/kzf67ka1wa2055bnsdrnqnv59md9xbxa-gnumake-4.4.1",
              "default": true
            },
            {
              "name": "man",
              "path": "/nix/store/n414mxklk1mxyk9syhbbh6j0d92l4ggi-gnumake-4.4.1-man",
              "default": true
            },
            {
              "name": "debug",
              "path": "/nix/store/8vg51i45l7bqcc2qfcnjgppxlsfzi11h-gnumake-4.4.1-debug"
            },
            {
              "name": "info",
              "path": "/nix/store/hs8b0bwzv4q3w8mf4pbq8l7v0vnjj0f9-gnumake-4.4.1-info"
            }
          ],
          "store_path": "/nix/store/kzf67ka1wa2055bnsdrnqnv59md9xbxa-gnumake-4.4.1"
        }
      }
    },
    "platformio@latest": {
      "last_modified": "2025-08-04T03:33:26Z",
      "resolved": "github:NixOS/nixpkgs/6a489c9482ca676ce23c0bcd7f2e1795383325fa#platformio",
      "source": "devbox-search",
      "version": "6.1.18",
      "systems": {
        "aarch64-darwin": {
          "outputs": [
            {
              "name": "out",
              "path": "/nix/store/szymjq7qwg0mdyf1sl92rhf91q33lirp-platformio-6.1.18",
              "default": true
            },
            {
              "name": "udev",
              "path": "/nix/store/r1yd8m4rm49w71018rapvm46r81im24n-platformio-6.1.18-udev"
            },
            {
              "name": "dist",
              "path": "/nix/store/s71cbjp2vwg02knx4cypq6f2irb0cikh-platformio-6.1.18-dist"
            }
          ],
          "store_path": "/nix/store/szymjq7qwg0mdyf1sl92rhf91q33lirp-platformio-6.1.18"
        },
        "aarch64-linux": {
          "outputs": [
            {
              "name": "out",
              "path": "/nix/store/5n3b77x5ah3knkg6lr9l580r36j2r2c8-platformio-6.1.18",
              "default": true
            }
          ],
          "store_path": "/nix/store/5n3b77x5ah3knkg6lr9l580r36j2r2c8-platformio-6.1.18"
        },
        "x86_64-darwin": {
          "outputs": [
            {
              "name": "out",
              "path": "/nix/store/caixskw1k1wa8m57qjjwjj6fqpxrchjl-platformio-6.1.18",
              "default": true
            },
            {
              "name": "dist",
              "path": "/nix/store/xvdgpmycw301hwnahrsc3i6byv3c61jv-platformio-6.1.18-dist"
            },
            {
              "name": "udev",
              "path": "/nix/store/n8a1yb47bbk9kkwj8nfpa7qg9n3caczr-platformio-6.1.18-udev"
            }
          ],
          "store_path": "/nix/store/caixskw1k1wa8m57qjjwjj6fqpxrchjl-platformio-6.1.18"
        },
        "x86_64-linux": {
          "outputs": [
            {
              "name": "out",
              "path": "/nix/store/kjy060f9xx2045lf7gggc92svzc06cl1-platformio-6.1.18",
              "default": true
            }
          ],
          "store_path": "/nix/store/kjy060f9xx2045lf7gggc92svzc06cl1-platformio-6.1.18"
        }
      }
    }
  }
}
