{
  "lockfile_version": "1",
  "packages": {
    "arduino-cli@latest": {
      "last_modified": "2025-08-03T19:18:05Z",
      "resolved": "github:NixOS/nixpkgs/bf9fa86a9b1005d932f842edf2c38eeecc98eef3#arduino-cli",
      "source": "devbox-search",
      "version": "1.2.2",
      "systems": {
        "aarch64-darwin": {
          "outputs": [
            {
              "name": "out",
              "path": "/nix/store/vgs6a33lhfbfxd6ca10v0cc4i29h633c-arduino-cli-1.2.2",
              "default": true
            }
          ],
          "store_path": "/nix/store/vgs6a33lhfbfxd6ca10v0cc4i29h633c-arduino-cli-1.2.2"
        },
        "aarch64-linux": {
          "outputs": [
            {
              "name": "out",
              "path": "/nix/store/f5li3g8d60aw4m5y6y5vp1smkf268zg4-arduino-cli-1.2.2",
              "default": true
            }
          ],
          "store_path": "/nix/store/f5li3g8d60aw4m5y6y5vp1smkf268zg4-arduino-cli-1.2.2"
        },
        "x86_64-darwin": {
          "outputs": [
            {
              "name": "out",
              "path": "/nix/store/w5fl0b76fmgdhk61lm74rzqfblf58aif-arduino-cli-1.2.2",
              "default": true
            }
          ],
          "store_path": "/nix/store/w5fl0b76fmgdhk61lm74rzqfblf58aif-arduino-cli-1.2.2"
        },
        "x86_64-linux": {
          "outputs": [
            {
              "name": "out",
              "path": "/nix/store/qvawa0174d6hlxkh6gwqcfg0d1mxfyid-arduino-cli-1.2.2",
              "default": true
            }
          ],
          "store_path": "/nix/store/qvawa0174d6hlxkh6gwqcfg0d1mxfyid-arduino-cli-1.2.2"
        }
      }
    },
    "github:NixOS/nixpkgs/nixpkgs-unstable": {
      "last_modified": "2025-09-19T06:08:23Z",
      "resolved": "github:NixOS/nixpkgs/12bd230118a1901a4a5d393f9f56b6ad7e571d01?lastModified=1758262103&narHash=sha256-aBGl3XEOsjWw6W3AHiKibN7FeoG73dutQQEqnd%2FetR8%3D"
    },
    "gnumake@latest": {
      "last_modified": "2025-08-09T03:53:37Z",
      "resolved": "github:NixOS/nixpkgs/00b574b1ba8a352f0601c4dde4faff4b534ebb1e#gnumake",
      "source": "devbox-search",
      "version": "4.4.1",
      "systems": {
        "aarch64-darwin": {
          "outputs": [
            {
              "name": "out",
              "path": "/nix/store/8l8qhxbk9isvxvg22prkvqay1g7x8xh8-gnumake-4.4.1",
              "default": true
            },
            {
              "name": "man",
              "path": "/nix/store/d4dxxrdcri80kbzbkgnzw1bgjjq9ln4g-gnumake-4.4.1-man",
              "default": true
            },
            {
              "name": "info",
              "path": "/nix/store/3jy0yby6jq6n5777rqya8913gr6wzdv5-gnumake-4.4.1-info"
            }
          ],
          "store_path": "/nix/store/8l8qhxbk9isvxvg22prkvqay1g7x8xh8-gnumake-4.4.1"
        },
        "aarch64-linux": {
          "outputs": [
            {
              "name": "out",
              "path": "/nix/store/9ccm93c2lj2kb6m175grf8775w3yzvng-gnumake-4.4.1",
              "default": true
            },
            {
              "name": "man",
              "path": "/nix/store/mnzb2cgp3hpvw3i5dn4bccs6ln4cnkpc-gnumake-4.4.1-man",
              "default": true
            },
            {
              "name": "debug",
              "path": "/nix/store/q92zl65186ayqg0f6vvhzldyi5bhpc70-gnumake-4.4.1-debug"
            },
            {
              "name": "info",
              "path": "/nix/store/ygnz9sgg6xbvvn6q4242jq9a4w0hfr57-gnumake-4.4.1-info"
            }
          ],
          "store_path": "/nix/store/9ccm93c2lj2kb6m175grf8775w3yzvng-gnumake-4.4.1"
        },
        "x86_64-darwin": {
          "outputs": [
            {
              "name": "out",
              "path": "/nix/store/wwzvqkjzdqwrrwr600lygfq87j1cbvr5-gnumake-4.4.1",
              "default": true
            },
            {
              "name": "man",
              "path": "/nix/store/xy024cz8x9hxbr3m1im6yk3bh8sd7q0w-gnumake-4.4.1-man",
              "default": true
            },
            {
              "name": "info",
              "path": "/nix/store/38s0gpkmw3ripdv7iigqwwvdwgk88sb5-gnumake-4.4.1-info"
            }
          ],
          "store_path": "/nix/store/wwzvqkjzdqwrrwr600lygfq87j1cbvr5-gnumake-4.4.1"
        },
        "x86_64-linux": {
          "outputs": [
            {
              "name": "out",
              "path": "/nix/store/kzf67ka1wa2055bnsdrnqnv59md9xbxa-gnumake-4.4.1",
              "default": true
            },
            {
              "name": "man",
              "path": "/nix/store/n414mxklk1mxyk9syhbbh6j0d92l4ggi-gnumake-4.4.1-man",
              "default": true
            },
            {
              "name": "debug",
              "path": "/nix/store/8vg51i45l7bqcc2qfcnjgppxlsfzi11h-gnumake-4.4.1-debug"
            },
            {
              "name": "info",
              "path": "/nix/store/hs8b0bwzv4q3w8mf4pbq8l7v0vnjj0f9-gnumake-4.4.1-info"
            }
          ],
          "store_path": "/nix/store/kzf67ka1wa2055bnsdrnqnv59md9xbxa-gnumake-4.4.1"
        }
      }
    }
  }
}
